
Microsoft Visual Studio Solution File, Format Version 12.00
# Visual Studio Version 17
VisualStudioVersion = 17.9.34622.214
MinimumVisualStudioVersion = 10.0.40219.1
Project("{FAE04EC0-301F-11D3-BF4B-00C04F79EFBC}") = "HotelManagement", "HotelManagement\HotelManagement.csproj", "{B295A7A8-8763-4C22-93AA-37AD8F80FEAA}"
EndProject
Global
	GlobalSection(SolutionConfigurationPlatforms) = preSolution
		Debug|Any CPU = Debug|Any CPU
		Release|Any CPU = Release|Any CPU
	EndGlobalSection
	GlobalSection(ProjectConfigurationPlatforms) = postSolution
		{B295A7A8-8763-4C22-93AA-37AD8F80FEAA}.Debug|Any CPU.ActiveCfg = Debug|Any CPU
		{B295A7A8-8763-4C22-93AA-37AD8F80FEAA}.Debug|Any CPU.Build.0 = Debug|Any CPU
		{B295A7A8-8763-4C22-93AA-37AD8F80FEAA}.Release|Any CPU.ActiveCfg = Release|Any CPU
		{B295A7A8-8763-4C22-93AA-37AD8F80FEAA}.Release|Any CPU.Build.0 = Release|Any CPU
	EndGlobalSection
	GlobalSection(SolutionProperties) = preSolution
		HideSolutionNode = FALSE
	EndGlobalSection
	GlobalSection(ExtensibilityGlobals) = postSolution
		SolutionGuid = {3B20E3CB-D898-4C71-BF7F-0F14E1CFF1B2}
	EndGlobalSection
EndGlobal
