
Microsoft Visual Studio Solution File, Format Version 12.00
# Visual Studio Version 17
VisualStudioVersion = 17.8.34511.84
MinimumVisualStudioVersion = 10.0.40219.1
Project("{FAE04EC0-301F-11D3-BF4B-00C04F79EFBC}") = "Shop", "Shop\Shop.csproj", "{FED9B83A-295E-43B1-A06A-0447FBDEC165}"
EndProject
Project("{FAE04EC0-301F-11D3-BF4B-00C04F79EFBC}") = "ClothingStore.DAL", "ClothingStore.DAL\ClothingStore.DAL.csproj", "{5B341595-5A7B-4AAD-AA84-D7E0DA4C425F}"
EndProject
Project("{FAE04EC0-301F-11D3-BF4B-00C04F79EFBC}") = "ClothingStore.BLL", "ClothingStore.BLL\ClothingStore.BLL.csproj", "{F37BA1C8-B74C-4163-BDCD-A89A9CF96228}"
EndProject
Global
	GlobalSection(SolutionConfigurationPlatforms) = preSolution
		Debug|Any CPU = Debug|Any CPU
		Release|Any CPU = Release|Any CPU
	EndGlobalSection
	GlobalSection(ProjectConfigurationPlatforms) = postSolution
		{FED9B83A-295E-43B1-A06A-0447FBDEC165}.Debug|Any CPU.ActiveCfg = Debug|Any CPU
		{FED9B83A-295E-43B1-A06A-0447FBDEC165}.Debug|Any CPU.Build.0 = Debug|Any CPU
		{FED9B83A-295E-43B1-A06A-0447FBDEC165}.Release|Any CPU.ActiveCfg = Release|Any CPU
		{FED9B83A-295E-43B1-A06A-0447FBDEC165}.Release|Any CPU.Build.0 = Release|Any CPU
		{5B341595-5A7B-4AAD-AA84-D7E0DA4C425F}.Debug|Any CPU.ActiveCfg = Debug|Any CPU
		{5B341595-5A7B-4AAD-AA84-D7E0DA4C425F}.Debug|Any CPU.Build.0 = Debug|Any CPU
		{5B341595-5A7B-4AAD-AA84-D7E0DA4C425F}.Release|Any CPU.ActiveCfg = Release|Any CPU
		{5B341595-5A7B-4AAD-AA84-D7E0DA4C425F}.Release|Any CPU.Build.0 = Release|Any CPU
		{F37BA1C8-B74C-4163-BDCD-A89A9CF96228}.Debug|Any CPU.ActiveCfg = Debug|Any CPU
		{F37BA1C8-B74C-4163-BDCD-A89A9CF96228}.Debug|Any CPU.Build.0 = Debug|Any CPU
		{F37BA1C8-B74C-4163-BDCD-A89A9CF96228}.Release|Any CPU.ActiveCfg = Release|Any CPU
		{F37BA1C8-B74C-4163-BDCD-A89A9CF96228}.Release|Any CPU.Build.0 = Release|Any CPU
	EndGlobalSection
	GlobalSection(SolutionProperties) = preSolution
		HideSolutionNode = FALSE
	EndGlobalSection
	GlobalSection(ExtensibilityGlobals) = postSolution
		SolutionGuid = {F6FBAB9D-E4FE-47C2-B926-1EAC87890E87}
	EndGlobalSection
EndGlobal
