
Microsoft Visual Studio Solution File, Format Version 12.00
# Visual Studio Version 17
VisualStudioVersion = 17.9.34622.214
MinimumVisualStudioVersion = 10.0.40219.1
Project("{FAE04EC0-301F-11D3-BF4B-00C04F79EFBC}") = "Contact", "Contact\Contact.csproj", "{D84898F7-071C-4C67-B470-E58440713FF3}"
EndProject
Global
	GlobalSection(SolutionConfigurationPlatforms) = preSolution
		Debug|Any CPU = Debug|Any CPU
		Release|Any CPU = Release|Any CPU
	EndGlobalSection
	GlobalSection(ProjectConfigurationPlatforms) = postSolution
		{D84898F7-071C-4C67-B470-E58440713FF3}.Debug|Any CPU.ActiveCfg = Debug|Any CPU
		{D84898F7-071C-4C67-B470-E58440713FF3}.Debug|Any CPU.Build.0 = Debug|Any CPU
		{D84898F7-071C-4C67-B470-E58440713FF3}.Release|Any CPU.ActiveCfg = Release|Any CPU
		{D84898F7-071C-4C67-B470-E58440713FF3}.Release|Any CPU.Build.0 = Release|Any CPU
	EndGlobalSection
	GlobalSection(SolutionProperties) = preSolution
		HideSolutionNode = FALSE
	EndGlobalSection
	GlobalSection(ExtensibilityGlobals) = postSolution
		SolutionGuid = {B8B56D94-9A60-4950-AC2D-3B808F49E9E1}
	EndGlobalSection
EndGlobal
